
Microsoft Visual Studio Solution File, Format Version 12.00
Project("{FAE04EC0-301F-11D3-BF4B-00C04F79EFBC}") = "PasswordManager", "PasswordManager\PasswordManager\PasswordManager.csproj", "{CDEE5644-6AF5-41A0-A768-80F560AB14DE}"
EndProject
Project("{FAE04EC0-301F-11D3-BF4B-00C04F79EFBC}") = "PasswordManager.Client", "PasswordManager\PasswordManager.Client\PasswordManager.Client.csproj", "{53D0691E-CE16-4747-BB26-0AA7202A4F95}"
EndProject
Global
	GlobalSection(SolutionConfigurationPlatforms) = preSolution
		Debug|Any CPU = Debug|Any CPU
		Release|Any CPU = Release|Any CPU
	EndGlobalSection
	GlobalSection(ProjectConfigurationPlatforms) = postSolution
		{CDEE5644-6AF5-41A0-A768-80F560AB14DE}.Debug|Any CPU.ActiveCfg = Debug|Any CPU
		{CDEE5644-6AF5-41A0-A768-80F560AB14DE}.Debug|Any CPU.Build.0 = Debug|Any CPU
		{CDEE5644-6AF5-41A0-A768-80F560AB14DE}.Release|Any CPU.ActiveCfg = Release|Any CPU
		{CDEE5644-6AF5-41A0-A768-80F560AB14DE}.Release|Any CPU.Build.0 = Release|Any CPU
		{53D0691E-CE16-4747-BB26-0AA7202A4F95}.Debug|Any CPU.ActiveCfg = Debug|Any CPU
		{53D0691E-CE16-4747-BB26-0AA7202A4F95}.Debug|Any CPU.Build.0 = Debug|Any CPU
		{53D0691E-CE16-4747-BB26-0AA7202A4F95}.Release|Any CPU.ActiveCfg = Release|Any CPU
		{53D0691E-CE16-4747-BB26-0AA7202A4F95}.Release|Any CPU.Build.0 = Release|Any CPU
	EndGlobalSection
EndGlobal
