
Microsoft Visual Studio Solution File, Format Version 12.00
# 
Project("{FAE04EC0-301F-11D3-BF4B-00C04F79EFBC}") = "Api", "Api\Api.csproj", "{AF59C308-4AE1-42F5-9FCD-7E57AFF2C52F}"
EndProject
Project("{FAE04EC0-301F-11D3-BF4B-00C04F79EFBC}") = "Core", "Core\Core.csproj", "{79B6CC37-F401-45F5-A4F3-6F84C8880963}"
EndProject
Project("{FAE04EC0-301F-11D3-BF4B-00C04F79EFBC}") = "Web", "Web\Web\Web.csproj", "{C8B2AC50-ED2E-4D5A-A491-1AE922DDE105}"
EndProject
Project("{FAE04EC0-301F-11D3-BF4B-00C04F79EFBC}") = "Web.Client", "Web\Web.Client\Web.Client.csproj", "{0A5AAA85-4DBF-442D-A40E-D22E545BD9E2}"
EndProject
Project("{FAE04EC0-301F-11D3-BF4B-00C04F79EFBC}") = "Web.Tests", "Web.Tests\Web.Tests.csproj", "{285DFD2E-59B9-4D5B-A482-0CB327A5452F}"
EndProject
Global
	GlobalSection(SolutionConfigurationPlatforms) = preSolution
		Debug|Any CPU = Debug|Any CPU
		Release|Any CPU = Release|Any CPU
	EndGlobalSection
	GlobalSection(ProjectConfigurationPlatforms) = postSolution
		{AF59C308-4AE1-42F5-9FCD-7E57AFF2C52F}.Debug|Any CPU.ActiveCfg = Debug|Any CPU
		{AF59C308-4AE1-42F5-9FCD-7E57AFF2C52F}.Debug|Any CPU.Build.0 = Debug|Any CPU
		{AF59C308-4AE1-42F5-9FCD-7E57AFF2C52F}.Release|Any CPU.ActiveCfg = Release|Any CPU
		{AF59C308-4AE1-42F5-9FCD-7E57AFF2C52F}.Release|Any CPU.Build.0 = Release|Any CPU
		{79B6CC37-F401-45F5-A4F3-6F84C8880963}.Debug|Any CPU.ActiveCfg = Debug|Any CPU
		{79B6CC37-F401-45F5-A4F3-6F84C8880963}.Debug|Any CPU.Build.0 = Debug|Any CPU
		{79B6CC37-F401-45F5-A4F3-6F84C8880963}.Release|Any CPU.ActiveCfg = Release|Any CPU
		{79B6CC37-F401-45F5-A4F3-6F84C8880963}.Release|Any CPU.Build.0 = Release|Any CPU
		{C8B2AC50-ED2E-4D5A-A491-1AE922DDE105}.Debug|Any CPU.ActiveCfg = Debug|Any CPU
		{C8B2AC50-ED2E-4D5A-A491-1AE922DDE105}.Debug|Any CPU.Build.0 = Debug|Any CPU
		{C8B2AC50-ED2E-4D5A-A491-1AE922DDE105}.Release|Any CPU.ActiveCfg = Release|Any CPU
		{C8B2AC50-ED2E-4D5A-A491-1AE922DDE105}.Release|Any CPU.Build.0 = Release|Any CPU
		{0A5AAA85-4DBF-442D-A40E-D22E545BD9E2}.Debug|Any CPU.ActiveCfg = Debug|Any CPU
		{0A5AAA85-4DBF-442D-A40E-D22E545BD9E2}.Debug|Any CPU.Build.0 = Debug|Any CPU
		{0A5AAA85-4DBF-442D-A40E-D22E545BD9E2}.Release|Any CPU.ActiveCfg = Release|Any CPU
		{0A5AAA85-4DBF-442D-A40E-D22E545BD9E2}.Release|Any CPU.Build.0 = Release|Any CPU
		{285DFD2E-59B9-4D5B-A482-0CB327A5452F}.Debug|Any CPU.ActiveCfg = Debug|Any CPU
		{285DFD2E-59B9-4D5B-A482-0CB327A5452F}.Debug|Any CPU.Build.0 = Debug|Any CPU
		{285DFD2E-59B9-4D5B-A482-0CB327A5452F}.Release|Any CPU.ActiveCfg = Release|Any CPU
		{285DFD2E-59B9-4D5B-A482-0CB327A5452F}.Release|Any CPU.Build.0 = Release|Any CPU
	EndGlobalSection
EndGlobal
